// !$*UTF8*$!
{
	archiveVersion = 1;
	classes = {
	};
	objectVersion = 55;
	objects = {

/* Begin PBXBuildFile section */
		26010A032BA5BB7700BEF862 /* Collection+.swift in Sources */ = {isa = PBXBuildFile; fileRef = 26010A022BA5BB7700BEF862 /* Collection+.swift */; };
		26010A052BA5BC4000BEF862 /* Array+.swift in Sources */ = {isa = PBXBuildFile; fileRef = 26010A042BA5BC4000BEF862 /* Array+.swift */; };
		26010A072BA5C17800BEF862 /* TapGestureWithEffect.swift in Sources */ = {isa = PBXBuildFile; fileRef = 26010A062BA5C17800BEF862 /* TapGestureWithEffect.swift */; };
		26010A092BA5DCAE00BEF862 /* Binding+.swift in Sources */ = {isa = PBXBuildFile; fileRef = 26010A082BA5DCAE00BEF862 /* Binding+.swift */; };
		260FC3582B88F69A004148BE /* GroupCreationViewModel.swift in Sources */ = {isa = PBXBuildFile; fileRef = 260FC3572B88F69A004148BE /* GroupCreationViewModel.swift */; };
		260FC35A2B88F6AC004148BE /* GroupDeleteViewModel.swift in Sources */ = {isa = PBXBuildFile; fileRef = 260FC3592B88F6AC004148BE /* GroupDeleteViewModel.swift */; };
		260FC35C2B88F6B7004148BE /* GroupEnteryViewModel.swift in Sources */ = {isa = PBXBuildFile; fileRef = 260FC35B2B88F6B7004148BE /* GroupEnteryViewModel.swift */; };
		260FC35E2B88F6CB004148BE /* GroupHistoryViewModel.swift in Sources */ = {isa = PBXBuildFile; fileRef = 260FC35D2B88F6CB004148BE /* GroupHistoryViewModel.swift */; };
		260FC3652B88FB4F004148BE /* BestByDateRepository.swift in Sources */ = {isa = PBXBuildFile; fileRef = 260FC3642B88FB4F004148BE /* BestByDateRepository.swift */; };
		2629420B2B9768C100DBA853 /* ApiRequestTemplate.swift in Sources */ = {isa = PBXBuildFile; fileRef = 2629420A2B9768C100DBA853 /* ApiRequestTemplate.swift */; };
		2629420D2B97692D00DBA853 /* BaseUrlType.swift in Sources */ = {isa = PBXBuildFile; fileRef = 2629420C2B97692D00DBA853 /* BaseUrlType.swift */; };
		2629420F2B97695400DBA853 /* HttpMethod.swift in Sources */ = {isa = PBXBuildFile; fileRef = 2629420E2B97695400DBA853 /* HttpMethod.swift */; };
		262942112B97697B00DBA853 /* ApiRequestError.swift in Sources */ = {isa = PBXBuildFile; fileRef = 262942102B97697B00DBA853 /* ApiRequestError.swift */; };
		262942132B976C2A00DBA853 /* ApiRequestPublisher.swift in Sources */ = {isa = PBXBuildFile; fileRef = 262942122B976C2A00DBA853 /* ApiRequestPublisher.swift */; };
		262942162B976E7B00DBA853 /* EmptyResponse.swift in Sources */ = {isa = PBXBuildFile; fileRef = 262942152B976E7B00DBA853 /* EmptyResponse.swift */; };
		2629421C2B9776A900DBA853 /* GetBestByDateRequest.swift in Sources */ = {isa = PBXBuildFile; fileRef = 2629421B2B9776A900DBA853 /* GetBestByDateRequest.swift */; };
		2629421E2B97797500DBA853 /* BestByDateInfo.swift in Sources */ = {isa = PBXBuildFile; fileRef = 2629421D2B97797500DBA853 /* BestByDateInfo.swift */; };
		265BDF802AF298F4007A6B9B /* Realm in Frameworks */ = {isa = PBXBuildFile; productRef = 265BDF7F2AF298F4007A6B9B /* Realm */; };
		265BDF822AF298F4007A6B9B /* RealmSwift in Frameworks */ = {isa = PBXBuildFile; productRef = 265BDF812AF298F4007A6B9B /* RealmSwift */; };
		2694DB852B9DFA4500FC4ADE /* GetOneItemGroupInfoRequest.swift in Sources */ = {isa = PBXBuildFile; fileRef = 2694DB842B9DFA4500FC4ADE /* GetOneItemGroupInfoRequest.swift */; };
		2694DB872B9DFB0500FC4ADE /* GroupInfoRepository.swift in Sources */ = {isa = PBXBuildFile; fileRef = 2694DB862B9DFB0500FC4ADE /* GroupInfoRepository.swift */; };
		2694DB8A2B9DFBE300FC4ADE /* GroupInfo.swift in Sources */ = {isa = PBXBuildFile; fileRef = 2694DB892B9DFBE300FC4ADE /* GroupInfo.swift */; };
		2694DB8C2BA09E2500FC4ADE /* PutBestByDateRequest.swift in Sources */ = {isa = PBXBuildFile; fileRef = 2694DB8B2BA09E2500FC4ADE /* PutBestByDateRequest.swift */; };
		2694DB8E2BA0AB7200FC4ADE /* DeleteBestByDateRequest.swift in Sources */ = {isa = PBXBuildFile; fileRef = 2694DB8D2BA0AB7200FC4ADE /* DeleteBestByDateRequest.swift */; };
		2694DB902BA2014F00FC4ADE /* PostBestByDateRequest.swift in Sources */ = {isa = PBXBuildFile; fileRef = 2694DB8F2BA2014F00FC4ADE /* PostBestByDateRequest.swift */; };
		26B403262B865C3E00D98F08 /* HomeView.swift in Sources */ = {isa = PBXBuildFile; fileRef = 26B403252B865C3E00D98F08 /* HomeView.swift */; };
		26B4032A2B888F9A00D98F08 /* GroupCreationView.swift in Sources */ = {isa = PBXBuildFile; fileRef = 26B403292B888F9A00D98F08 /* GroupCreationView.swift */; };
		26B4032C2B88904300D98F08 /* GroupDeleteView.swift in Sources */ = {isa = PBXBuildFile; fileRef = 26B4032B2B88904300D98F08 /* GroupDeleteView.swift */; };
		26B4032E2B8890A200D98F08 /* GroupEnteryView.swift in Sources */ = {isa = PBXBuildFile; fileRef = 26B4032D2B8890A200D98F08 /* GroupEnteryView.swift */; };
		26B403302B8890C500D98F08 /* GroupHistoryView.swift in Sources */ = {isa = PBXBuildFile; fileRef = 26B4032F2B8890C500D98F08 /* GroupHistoryView.swift */; };
		26B403362B889EF000D98F08 /* CustomButton.swift in Sources */ = {isa = PBXBuildFile; fileRef = 26B403352B889EF000D98F08 /* CustomButton.swift */; };
		26B403392B88E06000D98F08 /* CustomListRow.swift in Sources */ = {isa = PBXBuildFile; fileRef = 26B403382B88E06000D98F08 /* CustomListRow.swift */; };
		26D2CD6E2A4F243600187BA7 /* BestByDateAppApp.swift in Sources */ = {isa = PBXBuildFile; fileRef = 26D2CD6D2A4F243600187BA7 /* BestByDateAppApp.swift */; };
		26D2CD702A4F243600187BA7 /* ContentView.swift in Sources */ = {isa = PBXBuildFile; fileRef = 26D2CD6F2A4F243600187BA7 /* ContentView.swift */; };
		26D2CD722A4F243B00187BA7 /* Assets.xcassets in Resources */ = {isa = PBXBuildFile; fileRef = 26D2CD712A4F243B00187BA7 /* Assets.xcassets */; };
		26D2CD752A4F243B00187BA7 /* Preview Assets.xcassets in Resources */ = {isa = PBXBuildFile; fileRef = 26D2CD742A4F243B00187BA7 /* Preview Assets.xcassets */; };
		26D2CD772A4F243B00187BA7 /* Persistence.swift in Sources */ = {isa = PBXBuildFile; fileRef = 26D2CD762A4F243B00187BA7 /* Persistence.swift */; };
		26D2CD7A2A4F243B00187BA7 /* BestByDateApp.xcdatamodeld in Sources */ = {isa = PBXBuildFile; fileRef = 26D2CD782A4F243B00187BA7 /* BestByDateApp.xcdatamodeld */; };
		26D2CD842A4F254B00187BA7 /* BestByDateItem.swift in Sources */ = {isa = PBXBuildFile; fileRef = 26D2CD832A4F254B00187BA7 /* BestByDateItem.swift */; };
		26D2CD862A4F276B00187BA7 /* BestByDateListView.swift in Sources */ = {isa = PBXBuildFile; fileRef = 26D2CD852A4F276B00187BA7 /* BestByDateListView.swift */; };
		26D2CD882A4F285300187BA7 /* BestByDateViewModel.swift in Sources */ = {isa = PBXBuildFile; fileRef = 26D2CD872A4F285300187BA7 /* BestByDateViewModel.swift */; };
		26E664562BA496BA0098A61B /* PutGroupInfoRequest.swift in Sources */ = {isa = PBXBuildFile; fileRef = 26E664552BA496BA0098A61B /* PutGroupInfoRequest.swift */; };
		26E6645A2BA56A740098A61B /* ProgressView.swift in Sources */ = {isa = PBXBuildFile; fileRef = 26E664592BA56A740098A61B /* ProgressView.swift */; };
		26EF99472A50703E0096C3D5 /* AppDelegate.swift in Sources */ = {isa = PBXBuildFile; fileRef = 26EF99462A50703E0096C3D5 /* AppDelegate.swift */; };
		26EF994A2A5078630096C3D5 /* NotificationManager.swift in Sources */ = {isa = PBXBuildFile; fileRef = 26EF99492A5078630096C3D5 /* NotificationManager.swift */; };
/* End PBXBuildFile section */

/* Begin PBXFileReference section */
		26010A022BA5BB7700BEF862 /* Collection+.swift */ = {isa = PBXFileReference; lastKnownFileType = sourcecode.swift; path = "Collection+.swift"; sourceTree = "<group>"; };
		26010A042BA5BC4000BEF862 /* Array+.swift */ = {isa = PBXFileReference; lastKnownFileType = sourcecode.swift; path = "Array+.swift"; sourceTree = "<group>"; };
		26010A062BA5C17800BEF862 /* TapGestureWithEffect.swift */ = {isa = PBXFileReference; lastKnownFileType = sourcecode.swift; path = TapGestureWithEffect.swift; sourceTree = "<group>"; };
		26010A082BA5DCAE00BEF862 /* Binding+.swift */ = {isa = PBXFileReference; lastKnownFileType = sourcecode.swift; path = "Binding+.swift"; sourceTree = "<group>"; };
		260FC3572B88F69A004148BE /* GroupCreationViewModel.swift */ = {isa = PBXFileReference; lastKnownFileType = sourcecode.swift; path = GroupCreationViewModel.swift; sourceTree = "<group>"; };
		260FC3592B88F6AC004148BE /* GroupDeleteViewModel.swift */ = {isa = PBXFileReference; lastKnownFileType = sourcecode.swift; path = GroupDeleteViewModel.swift; sourceTree = "<group>"; };
		260FC35B2B88F6B7004148BE /* GroupEnteryViewModel.swift */ = {isa = PBXFileReference; lastKnownFileType = sourcecode.swift; path = GroupEnteryViewModel.swift; sourceTree = "<group>"; };
		260FC35D2B88F6CB004148BE /* GroupHistoryViewModel.swift */ = {isa = PBXFileReference; lastKnownFileType = sourcecode.swift; path = GroupHistoryViewModel.swift; sourceTree = "<group>"; };
		260FC3642B88FB4F004148BE /* BestByDateRepository.swift */ = {isa = PBXFileReference; lastKnownFileType = sourcecode.swift; path = BestByDateRepository.swift; sourceTree = "<group>"; };
		2629420A2B9768C100DBA853 /* ApiRequestTemplate.swift */ = {isa = PBXFileReference; lastKnownFileType = sourcecode.swift; path = ApiRequestTemplate.swift; sourceTree = "<group>"; };
		2629420C2B97692D00DBA853 /* BaseUrlType.swift */ = {isa = PBXFileReference; lastKnownFileType = sourcecode.swift; path = BaseUrlType.swift; sourceTree = "<group>"; };
		2629420E2B97695400DBA853 /* HttpMethod.swift */ = {isa = PBXFileReference; lastKnownFileType = sourcecode.swift; path = HttpMethod.swift; sourceTree = "<group>"; };
		262942102B97697B00DBA853 /* ApiRequestError.swift */ = {isa = PBXFileReference; lastKnownFileType = sourcecode.swift; path = ApiRequestError.swift; sourceTree = "<group>"; };
		262942122B976C2A00DBA853 /* ApiRequestPublisher.swift */ = {isa = PBXFileReference; lastKnownFileType = sourcecode.swift; path = ApiRequestPublisher.swift; sourceTree = "<group>"; };
		262942152B976E7B00DBA853 /* EmptyResponse.swift */ = {isa = PBXFileReference; lastKnownFileType = sourcecode.swift; path = EmptyResponse.swift; sourceTree = "<group>"; };
		2629421B2B9776A900DBA853 /* GetBestByDateRequest.swift */ = {isa = PBXFileReference; lastKnownFileType = sourcecode.swift; name = GetBestByDateRequest.swift; path = BestByDateApp/Domain/GetBestByDateRequest.swift; sourceTree = SOURCE_ROOT; };
		2629421D2B97797500DBA853 /* BestByDateInfo.swift */ = {isa = PBXFileReference; lastKnownFileType = sourcecode.swift; path = BestByDateInfo.swift; sourceTree = "<group>"; };
		2694DB842B9DFA4500FC4ADE /* GetOneItemGroupInfoRequest.swift */ = {isa = PBXFileReference; lastKnownFileType = sourcecode.swift; path = GetOneItemGroupInfoRequest.swift; sourceTree = "<group>"; };
		2694DB862B9DFB0500FC4ADE /* GroupInfoRepository.swift */ = {isa = PBXFileReference; lastKnownFileType = sourcecode.swift; path = GroupInfoRepository.swift; sourceTree = "<group>"; };
		2694DB892B9DFBE300FC4ADE /* GroupInfo.swift */ = {isa = PBXFileReference; lastKnownFileType = sourcecode.swift; path = GroupInfo.swift; sourceTree = "<group>"; };
		2694DB8B2BA09E2500FC4ADE /* PutBestByDateRequest.swift */ = {isa = PBXFileReference; lastKnownFileType = sourcecode.swift; path = PutBestByDateRequest.swift; sourceTree = "<group>"; };
		2694DB8D2BA0AB7200FC4ADE /* DeleteBestByDateRequest.swift */ = {isa = PBXFileReference; lastKnownFileType = sourcecode.swift; path = DeleteBestByDateRequest.swift; sourceTree = "<group>"; };
		2694DB8F2BA2014F00FC4ADE /* PostBestByDateRequest.swift */ = {isa = PBXFileReference; lastKnownFileType = sourcecode.swift; path = PostBestByDateRequest.swift; sourceTree = "<group>"; };
		26B403252B865C3E00D98F08 /* HomeView.swift */ = {isa = PBXFileReference; lastKnownFileType = sourcecode.swift; path = HomeView.swift; sourceTree = "<group>"; };
		26B403292B888F9A00D98F08 /* GroupCreationView.swift */ = {isa = PBXFileReference; fileEncoding = 4; lastKnownFileType = sourcecode.swift; path = GroupCreationView.swift; sourceTree = "<group>"; };
		26B4032B2B88904300D98F08 /* GroupDeleteView.swift */ = {isa = PBXFileReference; lastKnownFileType = sourcecode.swift; path = GroupDeleteView.swift; sourceTree = "<group>"; };
		26B4032D2B8890A200D98F08 /* GroupEnteryView.swift */ = {isa = PBXFileReference; lastKnownFileType = sourcecode.swift; path = GroupEnteryView.swift; sourceTree = "<group>"; };
		26B4032F2B8890C500D98F08 /* GroupHistoryView.swift */ = {isa = PBXFileReference; lastKnownFileType = sourcecode.swift; path = GroupHistoryView.swift; sourceTree = "<group>"; };
		26B403352B889EF000D98F08 /* CustomButton.swift */ = {isa = PBXFileReference; lastKnownFileType = sourcecode.swift; path = CustomButton.swift; sourceTree = "<group>"; };
		26B403382B88E06000D98F08 /* CustomListRow.swift */ = {isa = PBXFileReference; lastKnownFileType = sourcecode.swift; path = CustomListRow.swift; sourceTree = "<group>"; };
		26D2CD6A2A4F243600187BA7 /* BestByDateApp.app */ = {isa = PBXFileReference; explicitFileType = wrapper.application; includeInIndex = 0; path = BestByDateApp.app; sourceTree = BUILT_PRODUCTS_DIR; };
		26D2CD6D2A4F243600187BA7 /* BestByDateAppApp.swift */ = {isa = PBXFileReference; lastKnownFileType = sourcecode.swift; path = BestByDateAppApp.swift; sourceTree = "<group>"; };
		26D2CD6F2A4F243600187BA7 /* ContentView.swift */ = {isa = PBXFileReference; lastKnownFileType = sourcecode.swift; path = ContentView.swift; sourceTree = "<group>"; };
		26D2CD712A4F243B00187BA7 /* Assets.xcassets */ = {isa = PBXFileReference; lastKnownFileType = folder.assetcatalog; path = Assets.xcassets; sourceTree = "<group>"; };
		26D2CD742A4F243B00187BA7 /* Preview Assets.xcassets */ = {isa = PBXFileReference; lastKnownFileType = folder.assetcatalog; path = "Preview Assets.xcassets"; sourceTree = "<group>"; };
		26D2CD762A4F243B00187BA7 /* Persistence.swift */ = {isa = PBXFileReference; lastKnownFileType = sourcecode.swift; path = Persistence.swift; sourceTree = "<group>"; };
		26D2CD792A4F243B00187BA7 /* BestByDateApp.xcdatamodel */ = {isa = PBXFileReference; lastKnownFileType = wrapper.xcdatamodel; path = BestByDateApp.xcdatamodel; sourceTree = "<group>"; };
		26D2CD832A4F254B00187BA7 /* BestByDateItem.swift */ = {isa = PBXFileReference; lastKnownFileType = sourcecode.swift; path = BestByDateItem.swift; sourceTree = "<group>"; };
		26D2CD852A4F276B00187BA7 /* BestByDateListView.swift */ = {isa = PBXFileReference; lastKnownFileType = sourcecode.swift; path = BestByDateListView.swift; sourceTree = "<group>"; };
		26D2CD872A4F285300187BA7 /* BestByDateViewModel.swift */ = {isa = PBXFileReference; lastKnownFileType = sourcecode.swift; path = BestByDateViewModel.swift; sourceTree = "<group>"; };
		26E664552BA496BA0098A61B /* PutGroupInfoRequest.swift */ = {isa = PBXFileReference; lastKnownFileType = sourcecode.swift; path = PutGroupInfoRequest.swift; sourceTree = "<group>"; };
		26E664592BA56A740098A61B /* ProgressView.swift */ = {isa = PBXFileReference; lastKnownFileType = sourcecode.swift; path = ProgressView.swift; sourceTree = "<group>"; };
		26EF99462A50703E0096C3D5 /* AppDelegate.swift */ = {isa = PBXFileReference; lastKnownFileType = sourcecode.swift; path = AppDelegate.swift; sourceTree = "<group>"; };
		26EF99492A5078630096C3D5 /* NotificationManager.swift */ = {isa = PBXFileReference; lastKnownFileType = sourcecode.swift; path = NotificationManager.swift; sourceTree = "<group>"; };
/* End PBXFileReference section */

/* Begin PBXFrameworksBuildPhase section */
		26D2CD672A4F243600187BA7 /* Frameworks */ = {
			isa = PBXFrameworksBuildPhase;
			buildActionMask = 2147483647;
			files = (
				265BDF822AF298F4007A6B9B /* RealmSwift in Frameworks */,
				265BDF802AF298F4007A6B9B /* Realm in Frameworks */,
			);
			runOnlyForDeploymentPostprocessing = 0;
		};
/* End PBXFrameworksBuildPhase section */

/* Begin PBXGroup section */
		260FC35F2B88F8F3004148BE /* Data */ = {
			isa = PBXGroup;
			children = (
				262942072B9766C600DBA853 /* Repository */,
				260FC3602B88F901004148BE /* Entity */,
			);
			path = Data;
			sourceTree = "<group>";
		};
		260FC3602B88F901004148BE /* Entity */ = {
			isa = PBXGroup;
			children = (
				26D2CD832A4F254B00187BA7 /* BestByDateItem.swift */,
			);
			path = Entity;
			sourceTree = "<group>";
		};
		260FC3622B88F937004148BE /* Domain */ = {
			isa = PBXGroup;
			children = (
				26D2CD822A4F251400187BA7 /* Model */,
				26D2CD812A4F250700187BA7 /* ViewModel */,
			);
			path = Domain;
			sourceTree = "<group>";
		};
		260FC3632B88FA3B004148BE /* Contents */ = {
			isa = PBXGroup;
			children = (
				26D2CD852A4F276B00187BA7 /* BestByDateListView.swift */,
				26B403252B865C3E00D98F08 /* HomeView.swift */,
				26B403292B888F9A00D98F08 /* GroupCreationView.swift */,
				26B4032B2B88904300D98F08 /* GroupDeleteView.swift */,
				26B4032D2B8890A200D98F08 /* GroupEnteryView.swift */,
				26B4032F2B8890C500D98F08 /* GroupHistoryView.swift */,
			);
			path = Contents;
			sourceTree = "<group>";
		};
		262942072B9766C600DBA853 /* Repository */ = {
			isa = PBXGroup;
			children = (
				262942122B976C2A00DBA853 /* ApiRequestPublisher.swift */,
				2694DB882B9DFB1800FC4ADE /* GroupInfo */,
				2629421A2B976F3A00DBA853 /* BestByDate */,
				262942192B976F2600DBA853 /* ApiTemplate */,
			);
			path = Repository;
			sourceTree = "<group>";
		};
		262942192B976F2600DBA853 /* ApiTemplate */ = {
			isa = PBXGroup;
			children = (
				262942152B976E7B00DBA853 /* EmptyResponse.swift */,
				262942102B97697B00DBA853 /* ApiRequestError.swift */,
				2629420A2B9768C100DBA853 /* ApiRequestTemplate.swift */,
				2629420E2B97695400DBA853 /* HttpMethod.swift */,
				2629420C2B97692D00DBA853 /* BaseUrlType.swift */,
			);
			path = ApiTemplate;
			sourceTree = "<group>";
		};
		2629421A2B976F3A00DBA853 /* BestByDate */ = {
			isa = PBXGroup;
			children = (
				260FC3642B88FB4F004148BE /* BestByDateRepository.swift */,
				2629421B2B9776A900DBA853 /* GetBestByDateRequest.swift */,
				2629421D2B97797500DBA853 /* BestByDateInfo.swift */,
				2694DB8B2BA09E2500FC4ADE /* PutBestByDateRequest.swift */,
				2694DB8D2BA0AB7200FC4ADE /* DeleteBestByDateRequest.swift */,
				2694DB8F2BA2014F00FC4ADE /* PostBestByDateRequest.swift */,
			);
			path = BestByDate;
			sourceTree = "<group>";
		};
		2694DB882B9DFB1800FC4ADE /* GroupInfo */ = {
			isa = PBXGroup;
			children = (
				2694DB842B9DFA4500FC4ADE /* GetOneItemGroupInfoRequest.swift */,
				2694DB862B9DFB0500FC4ADE /* GroupInfoRepository.swift */,
				2694DB892B9DFBE300FC4ADE /* GroupInfo.swift */,
				26E664552BA496BA0098A61B /* PutGroupInfoRequest.swift */,
			);
			path = GroupInfo;
			sourceTree = "<group>";
		};
		26B403312B889CB100D98F08 /* Extension */ = {
			isa = PBXGroup;
			children = (
				26010A022BA5BB7700BEF862 /* Collection+.swift */,
				26010A042BA5BC4000BEF862 /* Array+.swift */,
				26010A082BA5DCAE00BEF862 /* Binding+.swift */,
			);
			path = Extension;
			sourceTree = "<group>";
		};
		26B4033A2B88E13800D98F08 /* Common */ = {
			isa = PBXGroup;
			children = (
				26E664592BA56A740098A61B /* ProgressView.swift */,
				26B403382B88E06000D98F08 /* CustomListRow.swift */,
				26B403352B889EF000D98F08 /* CustomButton.swift */,
				26010A062BA5C17800BEF862 /* TapGestureWithEffect.swift */,
			);
			path = Common;
			sourceTree = "<group>";
		};
		26D2CD612A4F243600187BA7 = {
			isa = PBXGroup;
			children = (
				26D2CD6C2A4F243600187BA7 /* BestByDateApp */,
				26D2CD6B2A4F243600187BA7 /* Products */,
			);
			sourceTree = "<group>";
		};
		26D2CD6B2A4F243600187BA7 /* Products */ = {
			isa = PBXGroup;
			children = (
				26D2CD6A2A4F243600187BA7 /* BestByDateApp.app */,
			);
			name = Products;
			sourceTree = "<group>";
		};
		26D2CD6C2A4F243600187BA7 /* BestByDateApp */ = {
			isa = PBXGroup;
			children = (
				26D2CD802A4F24FB00187BA7 /* View */,
				260FC3622B88F937004148BE /* Domain */,
				260FC35F2B88F8F3004148BE /* Data */,
				26B403312B889CB100D98F08 /* Extension */,
				26D2CD712A4F243B00187BA7 /* Assets.xcassets */,
				26D2CD762A4F243B00187BA7 /* Persistence.swift */,
				26D2CD782A4F243B00187BA7 /* BestByDateApp.xcdatamodeld */,
				26D2CD732A4F243B00187BA7 /* Preview Content */,
				26EF99462A50703E0096C3D5 /* AppDelegate.swift */,
			);
			path = BestByDateApp;
			sourceTree = "<group>";
		};
		26D2CD732A4F243B00187BA7 /* Preview Content */ = {
			isa = PBXGroup;
			children = (
				26D2CD742A4F243B00187BA7 /* Preview Assets.xcassets */,
			);
			path = "Preview Content";
			sourceTree = "<group>";
		};
		26D2CD802A4F24FB00187BA7 /* View */ = {
			isa = PBXGroup;
			children = (
				26B4033A2B88E13800D98F08 /* Common */,
				260FC3632B88FA3B004148BE /* Contents */,
				26D2CD6D2A4F243600187BA7 /* BestByDateAppApp.swift */,
				26D2CD6F2A4F243600187BA7 /* ContentView.swift */,
			);
			path = View;
			sourceTree = "<group>";
		};
		26D2CD812A4F250700187BA7 /* ViewModel */ = {
			isa = PBXGroup;
			children = (
				26D2CD872A4F285300187BA7 /* BestByDateViewModel.swift */,
				260FC3572B88F69A004148BE /* GroupCreationViewModel.swift */,
				260FC3592B88F6AC004148BE /* GroupDeleteViewModel.swift */,
				260FC35B2B88F6B7004148BE /* GroupEnteryViewModel.swift */,
				260FC35D2B88F6CB004148BE /* GroupHistoryViewModel.swift */,
			);
			path = ViewModel;
			sourceTree = "<group>";
		};
		26D2CD822A4F251400187BA7 /* Model */ = {
			isa = PBXGroup;
			children = (
				26EF99492A5078630096C3D5 /* NotificationManager.swift */,
			);
			path = Model;
			sourceTree = "<group>";
		};
/* End PBXGroup section */

/* Begin PBXNativeTarget section */
		26D2CD692A4F243600187BA7 /* BestByDateApp */ = {
			isa = PBXNativeTarget;
			buildConfigurationList = 26D2CD7D2A4F243B00187BA7 /* Build configuration list for PBXNativeTarget "BestByDateApp" */;
			buildPhases = (
				26D2CD662A4F243600187BA7 /* Sources */,
				26D2CD672A4F243600187BA7 /* Frameworks */,
				26D2CD682A4F243600187BA7 /* Resources */,
			);
			buildRules = (
			);
			dependencies = (
			);
			name = BestByDateApp;
			packageProductDependencies = (
				265BDF7F2AF298F4007A6B9B /* Realm */,
				265BDF812AF298F4007A6B9B /* RealmSwift */,
			);
			productName = BestByDateApp;
			productReference = 26D2CD6A2A4F243600187BA7 /* BestByDateApp.app */;
			productType = "com.apple.product-type.application";
		};
/* End PBXNativeTarget section */

/* Begin PBXProject section */
		26D2CD622A4F243600187BA7 /* Project object */ = {
			isa = PBXProject;
			attributes = {
				BuildIndependentTargetsInParallel = 1;
				LastSwiftUpdateCheck = 1340;
				LastUpgradeCheck = 1340;
				TargetAttributes = {
					26D2CD692A4F243600187BA7 = {
						CreatedOnToolsVersion = 13.4.1;
					};
				};
			};
			buildConfigurationList = 26D2CD652A4F243600187BA7 /* Build configuration list for PBXProject "BestByDateApp" */;
			compatibilityVersion = "Xcode 13.0";
			developmentRegion = en;
			hasScannedForEncodings = 0;
			knownRegions = (
				en,
				Base,
			);
			mainGroup = 26D2CD612A4F243600187BA7;
			packageReferences = (
				265BDF7E2AF298F4007A6B9B /* XCRemoteSwiftPackageReference "realm-swift" */,
			);
			productRefGroup = 26D2CD6B2A4F243600187BA7 /* Products */;
			projectDirPath = "";
			projectRoot = "";
			targets = (
				26D2CD692A4F243600187BA7 /* BestByDateApp */,
			);
		};
/* End PBXProject section */

/* Begin PBXResourcesBuildPhase section */
		26D2CD682A4F243600187BA7 /* Resources */ = {
			isa = PBXResourcesBuildPhase;
			buildActionMask = 2147483647;
			files = (
				26D2CD752A4F243B00187BA7 /* Preview Assets.xcassets in Resources */,
				26D2CD722A4F243B00187BA7 /* Assets.xcassets in Resources */,
			);
			runOnlyForDeploymentPostprocessing = 0;
		};
/* End PBXResourcesBuildPhase section */

/* Begin PBXSourcesBuildPhase section */
		26D2CD662A4F243600187BA7 /* Sources */ = {
			isa = PBXSourcesBuildPhase;
			buildActionMask = 2147483647;
			files = (
				26B4032E2B8890A200D98F08 /* GroupEnteryView.swift in Sources */,
				2629421C2B9776A900DBA853 /* GetBestByDateRequest.swift in Sources */,
				26B403302B8890C500D98F08 /* GroupHistoryView.swift in Sources */,
				2694DB8A2B9DFBE300FC4ADE /* GroupInfo.swift in Sources */,
				26EF99472A50703E0096C3D5 /* AppDelegate.swift in Sources */,
				26D2CD842A4F254B00187BA7 /* BestByDateItem.swift in Sources */,
				2694DB8C2BA09E2500FC4ADE /* PutBestByDateRequest.swift in Sources */,
				26010A032BA5BB7700BEF862 /* Collection+.swift in Sources */,
				26D2CD772A4F243B00187BA7 /* Persistence.swift in Sources */,
				260FC35E2B88F6CB004148BE /* GroupHistoryViewModel.swift in Sources */,
				26B403262B865C3E00D98F08 /* HomeView.swift in Sources */,
				26EF994A2A5078630096C3D5 /* NotificationManager.swift in Sources */,
				262942162B976E7B00DBA853 /* EmptyResponse.swift in Sources */,
				26010A052BA5BC4000BEF862 /* Array+.swift in Sources */,
				2629420B2B9768C100DBA853 /* ApiRequestTemplate.swift in Sources */,
				26B4032A2B888F9A00D98F08 /* GroupCreationView.swift in Sources */,
				260FC35C2B88F6B7004148BE /* GroupEnteryViewModel.swift in Sources */,
				26D2CD702A4F243600187BA7 /* ContentView.swift in Sources */,
				262942112B97697B00DBA853 /* ApiRequestError.swift in Sources */,
				26D2CD7A2A4F243B00187BA7 /* BestByDateApp.xcdatamodeld in Sources */,
				260FC3582B88F69A004148BE /* GroupCreationViewModel.swift in Sources */,
				26E664562BA496BA0098A61B /* PutGroupInfoRequest.swift in Sources */,
				26D2CD6E2A4F243600187BA7 /* BestByDateAppApp.swift in Sources */,
				26010A092BA5DCAE00BEF862 /* Binding+.swift in Sources */,
				2694DB852B9DFA4500FC4ADE /* GetOneItemGroupInfoRequest.swift in Sources */,
				26D2CD882A4F285300187BA7 /* BestByDateViewModel.swift in Sources */,
				260FC35A2B88F6AC004148BE /* GroupDeleteViewModel.swift in Sources */,
				2629421E2B97797500DBA853 /* BestByDateInfo.swift in Sources */,
				262942132B976C2A00DBA853 /* ApiRequestPublisher.swift in Sources */,
				26010A072BA5C17800BEF862 /* TapGestureWithEffect.swift in Sources */,
				26D2CD862A4F276B00187BA7 /* BestByDateListView.swift in Sources */,
				26B4032C2B88904300D98F08 /* GroupDeleteView.swift in Sources */,
				2629420D2B97692D00DBA853 /* BaseUrlType.swift in Sources */,
				2694DB902BA2014F00FC4ADE /* PostBestByDateRequest.swift in Sources */,
				260FC3652B88FB4F004148BE /* BestByDateRepository.swift in Sources */,
				2629420F2B97695400DBA853 /* HttpMethod.swift in Sources */,
				26B403392B88E06000D98F08 /* CustomListRow.swift in Sources */,
				26B403362B889EF000D98F08 /* CustomButton.swift in Sources */,
				26E6645A2BA56A740098A61B /* ProgressView.swift in Sources */,
				2694DB872B9DFB0500FC4ADE /* GroupInfoRepository.swift in Sources */,
				2694DB8E2BA0AB7200FC4ADE /* DeleteBestByDateRequest.swift in Sources */,
			);
			runOnlyForDeploymentPostprocessing = 0;
		};
/* End PBXSourcesBuildPhase section */

/* Begin XCBuildConfiguration section */
		26D2CD7B2A4F243B00187BA7 /* Debug */ = {
			isa = XCBuildConfiguration;
			buildSettings = {
				ALWAYS_SEARCH_USER_PATHS = NO;
				CLANG_ANALYZER_NONNULL = YES;
				CLANG_ANALYZER_NUMBER_OBJECT_CONVERSION = YES_AGGRESSIVE;
				CLANG_CXX_LANGUAGE_STANDARD = "gnu++17";
				CLANG_ENABLE_MODULES = YES;
				CLANG_ENABLE_OBJC_ARC = YES;
				CLANG_ENABLE_OBJC_WEAK = YES;
				CLANG_WARN_BLOCK_CAPTURE_AUTORELEASING = YES;
				CLANG_WARN_BOOL_CONVERSION = YES;
				CLANG_WARN_COMMA = YES;
				CLANG_WARN_CONSTANT_CONVERSION = YES;
				CLANG_WARN_DEPRECATED_OBJC_IMPLEMENTATIONS = YES;
				CLANG_WARN_DIRECT_OBJC_ISA_USAGE = YES_ERROR;
				CLANG_WARN_DOCUMENTATION_COMMENTS = YES;
				CLANG_WARN_EMPTY_BODY = YES;
				CLANG_WARN_ENUM_CONVERSION = YES;
				CLANG_WARN_INFINITE_RECURSION = YES;
				CLANG_WARN_INT_CONVERSION = YES;
				CLANG_WARN_NON_LITERAL_NULL_CONVERSION = YES;
				CLANG_WARN_OBJC_IMPLICIT_RETAIN_SELF = YES;
				CLANG_WARN_OBJC_LITERAL_CONVERSION = YES;
				CLANG_WARN_OBJC_ROOT_CLASS = YES_ERROR;
				CLANG_WARN_QUOTED_INCLUDE_IN_FRAMEWORK_HEADER = YES;
				CLANG_WARN_RANGE_LOOP_ANALYSIS = YES;
				CLANG_WARN_STRICT_PROTOTYPES = YES;
				CLANG_WARN_SUSPICIOUS_MOVE = YES;
				CLANG_WARN_UNGUARDED_AVAILABILITY = YES_AGGRESSIVE;
				CLANG_WARN_UNREACHABLE_CODE = YES;
				CLANG_WARN__DUPLICATE_METHOD_MATCH = YES;
				COPY_PHASE_STRIP = NO;
				DEBUG_INFORMATION_FORMAT = dwarf;
				ENABLE_STRICT_OBJC_MSGSEND = YES;
				ENABLE_TESTABILITY = YES;
				GCC_C_LANGUAGE_STANDARD = gnu11;
				GCC_DYNAMIC_NO_PIC = NO;
				GCC_NO_COMMON_BLOCKS = YES;
				GCC_OPTIMIZATION_LEVEL = 0;
				GCC_PREPROCESSOR_DEFINITIONS = (
					"DEBUG=1",
					"$(inherited)",
				);
				GCC_WARN_64_TO_32_BIT_CONVERSION = YES;
				GCC_WARN_ABOUT_RETURN_TYPE = YES_ERROR;
				GCC_WARN_UNDECLARED_SELECTOR = YES;
				GCC_WARN_UNINITIALIZED_AUTOS = YES_AGGRESSIVE;
				GCC_WARN_UNUSED_FUNCTION = YES;
				GCC_WARN_UNUSED_VARIABLE = YES;
				IPHONEOS_DEPLOYMENT_TARGET = 16.0;
				MTL_ENABLE_DEBUG_INFO = INCLUDE_SOURCE;
				MTL_FAST_MATH = YES;
				ONLY_ACTIVE_ARCH = YES;
				SDKROOT = iphoneos;
				SWIFT_ACTIVE_COMPILATION_CONDITIONS = DEBUG;
				SWIFT_OPTIMIZATION_LEVEL = "-Onone";
			};
			name = Debug;
		};
		26D2CD7C2A4F243B00187BA7 /* Release */ = {
			isa = XCBuildConfiguration;
			buildSettings = {
				ALWAYS_SEARCH_USER_PATHS = NO;
				CLANG_ANALYZER_NONNULL = YES;
				CLANG_ANALYZER_NUMBER_OBJECT_CONVERSION = YES_AGGRESSIVE;
				CLANG_CXX_LANGUAGE_STANDARD = "gnu++17";
				CLANG_ENABLE_MODULES = YES;
				CLANG_ENABLE_OBJC_ARC = YES;
				CLANG_ENABLE_OBJC_WEAK = YES;
				CLANG_WARN_BLOCK_CAPTURE_AUTORELEASING = YES;
				CLANG_WARN_BOOL_CONVERSION = YES;
				CLANG_WARN_COMMA = YES;
				CLANG_WARN_CONSTANT_CONVERSION = YES;
				CLANG_WARN_DEPRECATED_OBJC_IMPLEMENTATIONS = YES;
				CLANG_WARN_DIRECT_OBJC_ISA_USAGE = YES_ERROR;
				CLANG_WARN_DOCUMENTATION_COMMENTS = YES;
				CLANG_WARN_EMPTY_BODY = YES;
				CLANG_WARN_ENUM_CONVERSION = YES;
				CLANG_WARN_INFINITE_RECURSION = YES;
				CLANG_WARN_INT_CONVERSION = YES;
				CLANG_WARN_NON_LITERAL_NULL_CONVERSION = YES;
				CLANG_WARN_OBJC_IMPLICIT_RETAIN_SELF = YES;
				CLANG_WARN_OBJC_LITERAL_CONVERSION = YES;
				CLANG_WARN_OBJC_ROOT_CLASS = YES_ERROR;
				CLANG_WARN_QUOTED_INCLUDE_IN_FRAMEWORK_HEADER = YES;
				CLANG_WARN_RANGE_LOOP_ANALYSIS = YES;
				CLANG_WARN_STRICT_PROTOTYPES = YES;
				CLANG_WARN_SUSPICIOUS_MOVE = YES;
				CLANG_WARN_UNGUARDED_AVAILABILITY = YES_AGGRESSIVE;
				CLANG_WARN_UNREACHABLE_CODE = YES;
				CLANG_WARN__DUPLICATE_METHOD_MATCH = YES;
				COPY_PHASE_STRIP = NO;
				DEBUG_INFORMATION_FORMAT = "dwarf-with-dsym";
				ENABLE_NS_ASSERTIONS = NO;
				ENABLE_STRICT_OBJC_MSGSEND = YES;
				GCC_C_LANGUAGE_STANDARD = gnu11;
				GCC_NO_COMMON_BLOCKS = YES;
				GCC_WARN_64_TO_32_BIT_CONVERSION = YES;
				GCC_WARN_ABOUT_RETURN_TYPE = YES_ERROR;
				GCC_WARN_UNDECLARED_SELECTOR = YES;
				GCC_WARN_UNINITIALIZED_AUTOS = YES_AGGRESSIVE;
				GCC_WARN_UNUSED_FUNCTION = YES;
				GCC_WARN_UNUSED_VARIABLE = YES;
				IPHONEOS_DEPLOYMENT_TARGET = 16.0;
				MTL_ENABLE_DEBUG_INFO = NO;
				MTL_FAST_MATH = YES;
				SDKROOT = iphoneos;
				SWIFT_COMPILATION_MODE = wholemodule;
				SWIFT_OPTIMIZATION_LEVEL = "-O";
				VALIDATE_PRODUCT = YES;
			};
			name = Release;
		};
		26D2CD7E2A4F243B00187BA7 /* Debug */ = {
			isa = XCBuildConfiguration;
			buildSettings = {
				ASSETCATALOG_COMPILER_APPICON_NAME = AppIcon;
				ASSETCATALOG_COMPILER_GLOBAL_ACCENT_COLOR_NAME = AccentColor;
				CODE_SIGN_STYLE = Automatic;
				CURRENT_PROJECT_VERSION = 1;
				DEVELOPMENT_ASSET_PATHS = "\"BestByDateApp/Preview Content\"";
				DEVELOPMENT_TEAM = 937YVNJH2A;
				ENABLE_PREVIEWS = YES;
				GENERATE_INFOPLIST_FILE = YES;
				INFOPLIST_KEY_UIApplicationSceneManifest_Generation = YES;
				INFOPLIST_KEY_UIApplicationSupportsIndirectInputEvents = YES;
				INFOPLIST_KEY_UILaunchScreen_Generation = YES;
				INFOPLIST_KEY_UISupportedInterfaceOrientations_iPad = "UIInterfaceOrientationPortrait UIInterfaceOrientationPortraitUpsideDown UIInterfaceOrientationLandscapeLeft UIInterfaceOrientationLandscapeRight";
				INFOPLIST_KEY_UISupportedInterfaceOrientations_iPhone = "UIInterfaceOrientationPortrait UIInterfaceOrientationLandscapeLeft UIInterfaceOrientationLandscapeRight";
				LD_RUNPATH_SEARCH_PATHS = (
					"$(inherited)",
					"@executable_path/Frameworks",
				);
				MARKETING_VERSION = 1.0;
				PRODUCT_BUNDLE_IDENTIFIER = Yaguchi.BestByDateApp;
				PRODUCT_NAME = "$(TARGET_NAME)";
				SWIFT_EMIT_LOC_STRINGS = YES;
				SWIFT_VERSION = 5.0;
				TARGETED_DEVICE_FAMILY = "1,2";
			};
			name = Debug;
		};
		26D2CD7F2A4F243B00187BA7 /* Release */ = {
			isa = XCBuildConfiguration;
			buildSettings = {
				ASSETCATALOG_COMPILER_APPICON_NAME = AppIcon;
				ASSETCATALOG_COMPILER_GLOBAL_ACCENT_COLOR_NAME = AccentColor;
				CODE_SIGN_STYLE = Automatic;
				CURRENT_PROJECT_VERSION = 1;
				DEVELOPMENT_ASSET_PATHS = "\"BestByDateApp/Preview Content\"";
				DEVELOPMENT_TEAM = 937YVNJH2A;
				ENABLE_PREVIEWS = YES;
				GENERATE_INFOPLIST_FILE = YES;
				INFOPLIST_KEY_UIApplicationSceneManifest_Generation = YES;
				INFOPLIST_KEY_UIApplicationSupportsIndirectInputEvents = YES;
				INFOPLIST_KEY_UILaunchScreen_Generation = YES;
				INFOPLIST_KEY_UISupportedInterfaceOrientations_iPad = "UIInterfaceOrientationPortrait UIInterfaceOrientationPortraitUpsideDown UIInterfaceOrientationLandscapeLeft UIInterfaceOrientationLandscapeRight";
				INFOPLIST_KEY_UISupportedInterfaceOrientations_iPhone = "UIInterfaceOrientationPortrait UIInterfaceOrientationLandscapeLeft UIInterfaceOrientationLandscapeRight";
				LD_RUNPATH_SEARCH_PATHS = (
					"$(inherited)",
					"@executable_path/Frameworks",
				);
				MARKETING_VERSION = 1.0;
				PRODUCT_BUNDLE_IDENTIFIER = Yaguchi.BestByDateApp;
				PRODUCT_NAME = "$(TARGET_NAME)";
				SWIFT_EMIT_LOC_STRINGS = YES;
				SWIFT_VERSION = 5.0;
				TARGETED_DEVICE_FAMILY = "1,2";
			};
			name = Release;
		};
/* End XCBuildConfiguration section */

/* Begin XCConfigurationList section */
		26D2CD652A4F243600187BA7 /* Build configuration list for PBXProject "BestByDateApp" */ = {
			isa = XCConfigurationList;
			buildConfigurations = (
				26D2CD7B2A4F243B00187BA7 /* Debug */,
				26D2CD7C2A4F243B00187BA7 /* Release */,
			);
			defaultConfigurationIsVisible = 0;
			defaultConfigurationName = Release;
		};
		26D2CD7D2A4F243B00187BA7 /* Build configuration list for PBXNativeTarget "BestByDateApp" */ = {
			isa = XCConfigurationList;
			buildConfigurations = (
				26D2CD7E2A4F243B00187BA7 /* Debug */,
				26D2CD7F2A4F243B00187BA7 /* Release */,
			);
			defaultConfigurationIsVisible = 0;
			defaultConfigurationName = Release;
		};
/* End XCConfigurationList section */

/* Begin XCRemoteSwiftPackageReference section */
		265BDF7E2AF298F4007A6B9B /* XCRemoteSwiftPackageReference "realm-swift" */ = {
			isa = XCRemoteSwiftPackageReference;
			repositoryURL = "https://github.com/realm/realm-swift.git";
			requirement = {
				kind = upToNextMajorVersion;
				minimumVersion = 10.44.0;
			};
		};
/* End XCRemoteSwiftPackageReference section */

/* Begin XCSwiftPackageProductDependency section */
		265BDF7F2AF298F4007A6B9B /* Realm */ = {
			isa = XCSwiftPackageProductDependency;
			package = 265BDF7E2AF298F4007A6B9B /* XCRemoteSwiftPackageReference "realm-swift" */;
			productName = Realm;
		};
		265BDF812AF298F4007A6B9B /* RealmSwift */ = {
			isa = XCSwiftPackageProductDependency;
			package = 265BDF7E2AF298F4007A6B9B /* XCRemoteSwiftPackageReference "realm-swift" */;
			productName = RealmSwift;
		};
/* End XCSwiftPackageProductDependency section */

/* Begin XCVersionGroup section */
		26D2CD782A4F243B00187BA7 /* BestByDateApp.xcdatamodeld */ = {
			isa = XCVersionGroup;
			children = (
				26D2CD792A4F243B00187BA7 /* BestByDateApp.xcdatamodel */,
			);
			currentVersion = 26D2CD792A4F243B00187BA7 /* BestByDateApp.xcdatamodel */;
			path = BestByDateApp.xcdatamodeld;
			sourceTree = "<group>";
			versionGroupType = wrapper.xcdatamodel;
		};
/* End XCVersionGroup section */
	};
	rootObject = 26D2CD622A4F243600187BA7 /* Project object */;
}
